<?xml version="1.0" encoding="utf-8"?>
<Project ToolsVersion="4.0" xmlns="http://schemas.microsoft.com/developer/msbuild/2003">
  <ItemGroup>
    <Filter Include="Source Files">
      <UniqueIdentifier>{4FC737F1-C7A5-4376-A066-2A32D752A2FF}</UniqueIdentifier>
      <Extensions>cpp;c;cc;cxx;c++;cppm;ixx;def;odl;idl;hpj;bat;asm;asmx</Extensions>
    </Filter>
    <Filter Include="Header Files">
      <UniqueIdentifier>{93995380-89BD-4b04-88EB-625FBE52EBFB}</UniqueIdentifier>
      <Extensions>h;hh;hpp;hxx;h++;hm;inl;inc;ipp;xsd</Extensions>
    </Filter>
    <Filter Include="Resource Files">
      <UniqueIdentifier>{67DA6AB6-F800-4c08-8B7A-83BB121AAD01}</UniqueIdentifier>
      <Extensions>rc;ico;cur;bmp;dlg;rc2;rct;bin;rgs;gif;jpg;jpeg;jpe;resx;tiff;tif;png;wav;mfcribbon-ms</Extensions>
    </Filter>
    <Filter Include="Imgui">
      <UniqueIdentifier>{c3f6a550-a9ba-4065-9855-23f17d6c1067}</UniqueIdentifier>
    </Filter>
    <Filter Include="Source Files\Shader">
      <UniqueIdentifier>{a3284baa-6a9a-416d-b18b-d73899d327fe}</UniqueIdentifier>
    </Filter>
    <Filter Include="Header Files\Shader">
      <UniqueIdentifier>{e991d379-797b-45e6-9aa4-bd3cdf1d8340}</UniqueIdentifier>
    </Filter>
    <Filter Include="Header Files\HelloTriangle">
      <UniqueIdentifier>{c0a67e54-4973-4b57-8e71-e95854adedf0}</UniqueIdentifier>
    </Filter>
    <Filter Include="Source Files\HelloTriangle">
      <UniqueIdentifier>{33dcd654-7433-4cc0-816f-75fc277a873e}</UniqueIdentifier>
    </Filter>
    <Filter Include="Shader">
      <UniqueIdentifier>{4c9f707a-6269-4f3c-9fd6-c5feee95bdd8}</UniqueIdentifier>
    </Filter>
    <Filter Include="Shader\Shader">
      <UniqueIdentifier>{a85039e5-8150-4c37-8c5b-707be1a22748}</UniqueIdentifier>
    </Filter>
    <Filter Include="Source Files\Textures">
      <UniqueIdentifier>{f8a92406-d7a8-4fd0-a33e-fbec58860980}</UniqueIdentifier>
    </Filter>
    <Filter Include="Header Files\Texture">
      <UniqueIdentifier>{eeaf2c29-1f42-4509-86b7-3f111518ec53}</UniqueIdentifier>
    </Filter>
    <Filter Include="Shader\Textures">
      <UniqueIdentifier>{977ce806-5ec7-4211-9d66-2fa69855f8f3}</UniqueIdentifier>
    </Filter>
    <Filter Include="Source Files\Transformations">
      <UniqueIdentifier>{b57d3825-cfad-4bcc-aed1-3ef4ee1ba446}</UniqueIdentifier>
    </Filter>
    <Filter Include="Header Files\TransformationsMain">
      <UniqueIdentifier>{cdbdd2e4-6fbb-4d5a-a677-526a3a0bd79a}</UniqueIdentifier>
    </Filter>
    <Filter Include="Source Files\Libraries">
      <UniqueIdentifier>{585319c3-9ed3-4f95-9583-451294de5cfb}</UniqueIdentifier>
    </Filter>
    <Filter Include="Shader\Transformations">
      <UniqueIdentifier>{0c2ff212-e5d0-49b6-acb0-ecbf9a4a6057}</UniqueIdentifier>
    </Filter>
  </ItemGroup>
  <ItemGroup>
    <ClCompile Include="main.cpp">
      <Filter>Source Files</Filter>
    </ClCompile>
    <ClCompile Include="Imgui\imgui.cpp">
      <Filter>Imgui</Filter>
    </ClCompile>
    <ClCompile Include="Imgui\imgui_demo.cpp">
      <Filter>Imgui</Filter>
    </ClCompile>
    <ClCompile Include="Imgui\imgui_draw.cpp">
      <Filter>Imgui</Filter>
    </ClCompile>
    <ClCompile Include="Imgui\imgui_tables.cpp">
      <Filter>Imgui</Filter>
    </ClCompile>
    <ClCompile Include="Imgui\imgui_widgets.cpp">
      <Filter>Imgui</Filter>
    </ClCompile>
    <ClCompile Include="Intro.cpp">
      <Filter>Source Files</Filter>
    </ClCompile>
    <ClCompile Include="SceneManager.cpp">
      <Filter>Source Files</Filter>
    </ClCompile>
    <ClCompile Include="Shaders.cpp">
      <Filter>Source Files\Shader</Filter>
    </ClCompile>
    <ClCompile Include="FirstTriangle.cpp">
      <Filter>Source Files\HelloTriangle</Filter>
    </ClCompile>
    <ClCompile Include="HelloTriangle.cpp">
      <Filter>Source Files\HelloTriangle</Filter>
    </ClCompile>
    <ClCompile Include="SecondTriangle.cpp">
      <Filter>Source Files\HelloTriangle</Filter>
    </ClCompile>
    <ClCompile Include="TriangleWithVertexDataManipulation.cpp">
      <Filter>Source Files\HelloTriangle</Filter>
    </ClCompile>
    <ClCompile Include="TwoTriangles.cpp">
      <Filter>Source Files\HelloTriangle</Filter>
    </ClCompile>
    <ClCompile Include="FirstShader.cpp">
      <Filter>Source Files\Shader</Filter>
    </ClCompile>
    <ClCompile Include="UniformsInShader.cpp">
      <Filter>Source Files\Shader</Filter>
    </ClCompile>
    <ClCompile Include="VertexAttributes.cpp">
      <Filter>Source Files\Shader</Filter>
    </ClCompile>
    <ClCompile Include="ShaderClass.cpp">
      <Filter>Source Files\Shader</Filter>
    </ClCompile>
    <ClCompile Include="Shader.cpp">
      <Filter>Source Files</Filter>
    </ClCompile>
    <ClCompile Include="VertexPosToFrag.cpp">
      <Filter>Source Files\Shader</Filter>
    </ClCompile>
    <ClCompile Include="TextureMain.cpp">
      <Filter>Source Files\Textures</Filter>
    </ClCompile>
    <ClCompile Include="IntroTexture.cpp">
      <Filter>Source Files\Textures</Filter>
    </ClCompile>
    <ClCompile Include="TwoTextures.cpp">
      <Filter>Source Files\Textures</Filter>
    </ClCompile>
    <ClCompile Include="MipmapOptions.cpp">
      <Filter>Source Files\Textures</Filter>
    </ClCompile>
    <ClCompile Include="TriangleTexture.cpp">
      <Filter>Source Files\Textures</Filter>
    </ClCompile>
    <ClCompile Include="TexelViewer.cpp">
      <Filter>Source Files\Textures</Filter>
    </ClCompile>
    <ClCompile Include="TestMain.cpp">
      <Filter>Source Files</Filter>
    </ClCompile>
    <ClCompile Include="TransformationMain.cpp">
      <Filter>Source Files\Transformations</Filter>
    </ClCompile>
    <ClCompile Include="IntroTransformation.cpp">
      <Filter>Source Files\Transformations</Filter>
    </ClCompile>
    <ClCompile Include="glad.c">
      <Filter>Source Files\Libraries</Filter>
    </ClCompile>
    <ClCompile Include="Imgui\imgui_impl_glfw.cpp">
      <Filter>Imgui</Filter>
    </ClCompile>
    <ClCompile Include="Imgui\imgui_impl_opengl3.cpp">
      <Filter>Imgui</Filter>
    </ClCompile>
    <ClCompile Include="stb_image.cpp">
      <Filter>Source Files\Libraries</Filter>
    </ClCompile>
    <ClCompile Include="Translate_Rotate_Scale.cpp">
      <Filter>Source Files\Transformations</Filter>
    </ClCompile>
    <ClCompile Include="glmTest.cpp">
      <Filter>Source Files\Transformations</Filter>
    </ClCompile>
    <ClCompile Include="MatrixUniform.cpp">
      <Filter>Source Files\Transformations</Filter>
    </ClCompile>
  </ItemGroup>
  <ItemGroup>
    <ClInclude Include="GameState.h">
      <Filter>Header Files</Filter>
    </ClInclude>
    <ClInclude Include="Imgui\imconfig.h">
      <Filter>Imgui</Filter>
    </ClInclude>
    <ClInclude Include="Imgui\imgui.h">
      <Filter>Imgui</Filter>
    </ClInclude>
    <ClInclude Include="Imgui\imgui_internal.h">
      <Filter>Imgui</Filter>
    </ClInclude>
    <ClInclude Include="Imgui\imstb_rectpack.h">
      <Filter>Imgui</Filter>
    </ClInclude>
    <ClInclude Include="Imgui\imstb_textedit.h">
      <Filter>Imgui</Filter>
    </ClInclude>
    <ClInclude Include="Imgui\imstb_truetype.h">
      <Filter>Imgui</Filter>
    </ClInclude>
    <ClInclude Include="Intro.h">
      <Filter>Header Files</Filter>
    </ClInclude>
    <ClInclude Include="SceneManager.h">
      <Filter>Header Files</Filter>
    </ClInclude>
    <ClInclude Include="Shaders.h">
      <Filter>Header Files\Shader</Filter>
    </ClInclude>
    <ClInclude Include="FirstTriangle.h">
      <Filter>Header Files\HelloTriangle</Filter>
    </ClInclude>
    <ClInclude Include="HelloTriangle.h">
      <Filter>Header Files\HelloTriangle</Filter>
    </ClInclude>
    <ClInclude Include="SecondTriangle.h">
      <Filter>Header Files\HelloTriangle</Filter>
    </ClInclude>
    <ClInclude Include="TriangleWithVertexDataManipulation.h">
      <Filter>Header Files\HelloTriangle</Filter>
    </ClInclude>
    <ClInclude Include="TwoTriangles.h">
      <Filter>Header Files\HelloTriangle</Filter>
    </ClInclude>
    <ClInclude Include="FirstShader.h">
      <Filter>Header Files\Shader</Filter>
    </ClInclude>
    <ClInclude Include="UniformsInShader.h">
      <Filter>Header Files\Shader</Filter>
    </ClInclude>
    <ClInclude Include="VertexAttributes.h">
      <Filter>Header Files\Shader</Filter>
    </ClInclude>
    <ClInclude Include="ShaderClass.h">
      <Filter>Header Files\Shader</Filter>
    </ClInclude>
    <ClInclude Include="Shader.h">
      <Filter>Header Files</Filter>
    </ClInclude>
    <ClInclude Include="VertexPosToFrag.h">
      <Filter>Header Files\Shader</Filter>
    </ClInclude>
    <ClInclude Include="Vector.h">
      <Filter>Header Files</Filter>
    </ClInclude>
    <ClInclude Include="TextureMain.h">
      <Filter>Header Files\Texture</Filter>
    </ClInclude>
    <ClInclude Include="IntroTexture.h">
      <Filter>Header Files\Texture</Filter>
    </ClInclude>
    <ClInclude Include="stb_image.h">
      <Filter>Header Files</Filter>
    </ClInclude>
    <ClInclude Include="TwoTextures.h">
      <Filter>Header Files\Texture</Filter>
    </ClInclude>
    <ClInclude Include="MipmapOptions.h">
      <Filter>Header Files\Texture</Filter>
    </ClInclude>
    <ClInclude Include="TriangleTexture.h">
      <Filter>Header Files\Texture</Filter>
    </ClInclude>
    <ClInclude Include="TexelViewer.h">
      <Filter>Header Files\Texture</Filter>
    </ClInclude>
    <ClInclude Include="TransformationMain.h">
      <Filter>Header Files\TransformationsMain</Filter>
    </ClInclude>
    <ClInclude Include="Imgui\imgui_impl_glfw.h">
      <Filter>Imgui</Filter>
    </ClInclude>
    <ClInclude Include="Imgui\imgui_impl_opengl3.h">
      <Filter>Imgui</Filter>
    </ClInclude>
    <ClInclude Include="Imgui\imgui_impl_opengl3_loader.h">
      <Filter>Imgui</Filter>
    </ClInclude>
    <ClInclude Include="IntroTransformation.h">
      <Filter>Header Files\TransformationsMain</Filter>
    </ClInclude>
    <ClInclude Include="Translate_Rotate_Scale.h">
      <Filter>Header Files\TransformationsMain</Filter>
    </ClInclude>
    <ClInclude Include="glmTest.h">
      <Filter>Header Files\TransformationsMain</Filter>
    </ClInclude>
    <ClInclude Include="MatrixUniform.h">
      <Filter>Header Files\TransformationsMain</Filter>
    </ClInclude>
  </ItemGroup>
  <ItemGroup>
    <None Include="ShaderClass.shader">
      <Filter>Shader\Shader</Filter>
    </None>
    <None Include="VertexToPos.shader">
      <Filter>Shader\Shader</Filter>
    </None>
    <None Include="IntroTexture.shader">
      <Filter>Shader\Textures</Filter>
    </None>
    <None Include="TwoTextures.shader">
      <Filter>Shader\Textures</Filter>
    </None>
    <None Include="TwoTextureSecondShader.shader">
      <Filter>Shader\Textures</Filter>
    </None>
    <None Include="MipmapOptions.shader">
      <Filter>Shader\Textures</Filter>
    </None>
    <None Include="TriangleTexture.shader">
      <Filter>Shader\Textures</Filter>
    </None>
    <None Include="TexelViewer.shader">
      <Filter>Shader\Textures</Filter>
    </None>
    <None Include="IntroTransformation.shader">
      <Filter>Shader\Transformations</Filter>
    </None>
    <None Include="Translate_Rotate_Scale.shader">
      <Filter>Shader\Transformations</Filter>
    </None>
    <None Include="Translate_Scale_Rotate_Pivot.shader">
      <Filter>Shader\Transformations</Filter>
    </None>
    <None Include="glmTest.shader">
      <Filter>Shader\Transformations</Filter>
    </None>
    <None Include="MatrixUniform.shader">
      <Filter>Shader\Transformations</Filter>
    </None>
  </ItemGroup>
</Project>